<?xml version="1.0" encoding="UTF-8" standalone="yes" ?>
<CodeBlocks_project_file>
	<FileVersion major="1" minor="6" />
	<Project>
		<Option title="EcosystemSimulation" />
		<Option pch_mode="2" />
		<Option compiler="gcc" />
		<Build>
			<Target title="Debug">
				<Option output="bin/Debug/EcosystemSimulation" prefix_auto="1" extension_auto="1" />
				<Option object_output="obj/Debug/" />
				<Option type="1" />
				<Option compiler="gcc" />
				<Compiler>
					<Add option="-g" />
				</Compiler>
			</Target>
			<Target title="Release">
				<Option output="bin/Release/EcosystemSimulation" prefix_auto="1" extension_auto="1" />
				<Option object_output="obj/Release/" />
				<Option type="1" />
				<Option compiler="gcc" />
				<Compiler>
					<Add option="-O2" />
				</Compiler>
				<Linker>
					<Add option="-s" />
				</Linker>
			</Target>
		</Build>
		<Compiler>
			<Add option="-Wall" />
			<Add option="-std=c++11" />
			<Add directory="../../Bibliothèque/SDL2-2.0.10/i686-w64-mingw32/include/SDL2" />
		</Compiler>
		<Linker>
			<Add library="mingw32" />
			<Add library="SDL2main" />
			<Add library="SDL2" />
			<Add directory="../../Bibliothèque/SDL2-2.0.10/i686-w64-mingw32/lib" />
		</Linker>
		<Unit filename="controlers/worldControler.cpp" />
		<Unit filename="controlers/worldControler.h" />
		<Unit filename="main.cpp" />
		<Unit filename="models/blockCellModel.cpp" />
		<Unit filename="models/blockCellModel.h" />
		<Unit filename="models/cellModel.cpp" />
		<Unit filename="models/cellModel.h" />
		<Unit filename="models/constants.h" />
		<Unit filename="models/infoThreadModel.cpp" />
		<Unit filename="models/infoThreadModel.h" />
		<Unit filename="models/waveModel.cpp" />
		<Unit filename="models/waveModel.h" />
		<Unit filename="models/waveModelV2.cpp" />
		<Unit filename="models/waveModelV2.h" />
		<Unit filename="models/worldModel.cpp" />
		<Unit filename="models/worldModel.h" />
		<Unit filename="views/worldView.cpp" />
		<Unit filename="views/worldView.h" />
		<Extensions>
			<code_completion />
			<envvars />
			<debugger />
		</Extensions>
	</Project>
</CodeBlocks_project_file>
